
Microsoft Visual Studio Solution File, Format Version 12.00
# Visual Studio Version 17
VisualStudioVersion = 17.8.34322.80
MinimumVisualStudioVersion = 10.0.40219.1
Project("{2150E333-8FDC-42A3-9474-1A3956D46DE8}") = "Services", "Services", "{A0146B92-A6A3-431A-A6B2-F13B60F8F701}"
EndProject
Project("{2150E333-8FDC-42A3-9474-1A3956D46DE8}") = "Catalog", "Catalog", "{A35BAD5B-4205-4CD7-BCD5-2B8FEF2B5E69}"
EndProject
Project("{9A19103F-16F7-4668-BE54-9A1E7A4F7556}") = "Catalog.API", "Services\Catalog\Catalog.API\Catalog.API.csproj", "{79D03DD7-D006-486A-BA21-0C906B2009A7}"
EndProject
Project("{9A19103F-16F7-4668-BE54-9A1E7A4F7556}") = "Catalog.Core", "Services\Catalog\Catalog.Core\Catalog.Core.csproj", "{F430163E-568E-4648-87D0-CC571F7AB858}"
EndProject
Project("{9A19103F-16F7-4668-BE54-9A1E7A4F7556}") = "Catalog.Application", "Services\Catalog\Catalog.Application\Catalog.Application.csproj", "{5EB39AD2-946B-4F1C-9529-CEF58AA44C27}"
EndProject
Project("{9A19103F-16F7-4668-BE54-9A1E7A4F7556}") = "Catalog.Infrastructure", "Services\Catalog\Catalog.Infrastructure\Catalog.Infrastructure.csproj", "{46A90039-4DBD-48BC-BB8F-48D5BABF1D60}"
EndProject
Project("{E53339B2-1760-4266-BCC7-CA923CBCF16C}") = "docker-compose", "Services\docker-compose.dcproj", "{6B4157C2-6BA7-4F7C-8F3A-F6F10C9EC9F7}"
EndProject
Project("{2150E333-8FDC-42A3-9474-1A3956D46DE8}") = "Basket", "Basket", "{9BD93BE3-5B94-4816-BA6A-F082B1AAA38E}"
EndProject
Project("{9A19103F-16F7-4668-BE54-9A1E7A4F7556}") = "Basket.Application", "Services\Basket\Basket.Application\Basket.Application.csproj", "{BAD1CC2F-FCAD-415C-94C1-837BD728D3A9}"
EndProject
Project("{9A19103F-16F7-4668-BE54-9A1E7A4F7556}") = "Basket.Core", "Services\Basket\Basket.Core\Basket.Core.csproj", "{9D6ED61B-27F9-4A27-AEE8-D33F046B1152}"
EndProject
Project("{9A19103F-16F7-4668-BE54-9A1E7A4F7556}") = "Basket.Infrastructure", "Services\Basket\Basket.Infrastructure\Basket.Infrastructure.csproj", "{19C0F26E-EC01-478C-BEE8-3DB687A0173A}"
EndProject
Project("{9A19103F-16F7-4668-BE54-9A1E7A4F7556}") = "Basket.API", "Services\Basket\Basket.API\Basket.API.csproj", "{91ADC278-E987-48FB-A1ED-868CD30A3A73}"
EndProject
Project("{2150E333-8FDC-42A3-9474-1A3956D46DE8}") = "Discount", "Discount", "{739ED458-939F-408B-A146-02DF2EFD60C1}"
EndProject
Project("{9A19103F-16F7-4668-BE54-9A1E7A4F7556}") = "Discount.API", "Services\Discount\Discount.API\Discount.API.csproj", "{8A2FB4AC-0B18-471E-A5D6-1DC0F1C6A83D}"
EndProject
Project("{9A19103F-16F7-4668-BE54-9A1E7A4F7556}") = "Discount.Core", "Services\Discount\Discount.Core\Discount.Core.csproj", "{FBABF2E7-77C4-469A-8474-66518FB4426E}"
EndProject
Project("{9A19103F-16F7-4668-BE54-9A1E7A4F7556}") = "Discount.Application", "Services\Discount\Discount.Application\Discount.Application.csproj", "{009486DA-3155-4AD6-9BCE-5C311BBDEA65}"
EndProject
Project("{9A19103F-16F7-4668-BE54-9A1E7A4F7556}") = "Discount.Infrastructure", "Services\Discount\Discount.Infrastructure\Discount.Infrastructure.csproj", "{B0DF2669-0D0B-446A-8AAE-54B6D7CA19B3}"
EndProject
Project("{2150E333-8FDC-42A3-9474-1A3956D46DE8}") = "Ordering", "Ordering", "{1151F063-0709-460B-ADA0-FA3475CA8A50}"
EndProject
Project("{9A19103F-16F7-4668-BE54-9A1E7A4F7556}") = "Ordering.API", "Services\Ordering\Ordering.API\Ordering.API.csproj", "{8888B920-296A-48E9-8DD3-97ECDED1B5B7}"
EndProject
Project("{9A19103F-16F7-4668-BE54-9A1E7A4F7556}") = "Ordering.Core", "Services\Ordering\Ordering.Core\Ordering.Core.csproj", "{396590FC-9A60-4B8C-B494-5A327E9C2BC5}"
EndProject
Project("{9A19103F-16F7-4668-BE54-9A1E7A4F7556}") = "Ordering.Infrastructure", "Services\Ordering\Ordering.Infrastructure\Ordering.Infrastructure.csproj", "{337DD358-EF73-4B38-BD56-A51B4063EB7D}"
EndProject
Project("{9A19103F-16F7-4668-BE54-9A1E7A4F7556}") = "Ordering.Application", "Services\Ordering\Ordering.Application\Ordering.Application.csproj", "{B7D9E02E-AFCC-428E-9080-667475A50E17}"
EndProject
Project("{2150E333-8FDC-42A3-9474-1A3956D46DE8}") = "Infrastructure", "Infrastructure", "{6457EB23-A75C-4018-8CFB-FFB160FE6003}"
EndProject
Project("{FAE04EC0-301F-11D3-BF4B-00C04F79EFBC}") = "EventBus.Messages", "EventBus.Messages\EventBus.Messages.csproj", "{6ABCFBC8-F6BA-4B76-8E19-E3C58816B4E8}"
EndProject
Global
	GlobalSection(SolutionConfigurationPlatforms) = preSolution
		Debug|Any CPU = Debug|Any CPU
		Release|Any CPU = Release|Any CPU
	EndGlobalSection
	GlobalSection(ProjectConfigurationPlatforms) = postSolution
		{79D03DD7-D006-486A-BA21-0C906B2009A7}.Debug|Any CPU.ActiveCfg = Debug|Any CPU
		{79D03DD7-D006-486A-BA21-0C906B2009A7}.Debug|Any CPU.Build.0 = Debug|Any CPU
		{79D03DD7-D006-486A-BA21-0C906B2009A7}.Release|Any CPU.ActiveCfg = Release|Any CPU
		{79D03DD7-D006-486A-BA21-0C906B2009A7}.Release|Any CPU.Build.0 = Release|Any CPU
		{F430163E-568E-4648-87D0-CC571F7AB858}.Debug|Any CPU.ActiveCfg = Debug|Any CPU
		{F430163E-568E-4648-87D0-CC571F7AB858}.Debug|Any CPU.Build.0 = Debug|Any CPU
		{F430163E-568E-4648-87D0-CC571F7AB858}.Release|Any CPU.ActiveCfg = Release|Any CPU
		{F430163E-568E-4648-87D0-CC571F7AB858}.Release|Any CPU.Build.0 = Release|Any CPU
		{5EB39AD2-946B-4F1C-9529-CEF58AA44C27}.Debug|Any CPU.ActiveCfg = Debug|Any CPU
		{5EB39AD2-946B-4F1C-9529-CEF58AA44C27}.Debug|Any CPU.Build.0 = Debug|Any CPU
		{5EB39AD2-946B-4F1C-9529-CEF58AA44C27}.Release|Any CPU.ActiveCfg = Release|Any CPU
		{5EB39AD2-946B-4F1C-9529-CEF58AA44C27}.Release|Any CPU.Build.0 = Release|Any CPU
		{46A90039-4DBD-48BC-BB8F-48D5BABF1D60}.Debug|Any CPU.ActiveCfg = Debug|Any CPU
		{46A90039-4DBD-48BC-BB8F-48D5BABF1D60}.Debug|Any CPU.Build.0 = Debug|Any CPU
		{46A90039-4DBD-48BC-BB8F-48D5BABF1D60}.Release|Any CPU.ActiveCfg = Release|Any CPU
		{46A90039-4DBD-48BC-BB8F-48D5BABF1D60}.Release|Any CPU.Build.0 = Release|Any CPU
		{6B4157C2-6BA7-4F7C-8F3A-F6F10C9EC9F7}.Debug|Any CPU.ActiveCfg = Debug|Any CPU
		{6B4157C2-6BA7-4F7C-8F3A-F6F10C9EC9F7}.Debug|Any CPU.Build.0 = Debug|Any CPU
		{6B4157C2-6BA7-4F7C-8F3A-F6F10C9EC9F7}.Release|Any CPU.ActiveCfg = Release|Any CPU
		{6B4157C2-6BA7-4F7C-8F3A-F6F10C9EC9F7}.Release|Any CPU.Build.0 = Release|Any CPU
		{BAD1CC2F-FCAD-415C-94C1-837BD728D3A9}.Debug|Any CPU.ActiveCfg = Debug|Any CPU
		{BAD1CC2F-FCAD-415C-94C1-837BD728D3A9}.Debug|Any CPU.Build.0 = Debug|Any CPU
		{BAD1CC2F-FCAD-415C-94C1-837BD728D3A9}.Release|Any CPU.ActiveCfg = Release|Any CPU
		{BAD1CC2F-FCAD-415C-94C1-837BD728D3A9}.Release|Any CPU.Build.0 = Release|Any CPU
		{9D6ED61B-27F9-4A27-AEE8-D33F046B1152}.Debug|Any CPU.ActiveCfg = Debug|Any CPU
		{9D6ED61B-27F9-4A27-AEE8-D33F046B1152}.Debug|Any CPU.Build.0 = Debug|Any CPU
		{9D6ED61B-27F9-4A27-AEE8-D33F046B1152}.Release|Any CPU.ActiveCfg = Release|Any CPU
		{9D6ED61B-27F9-4A27-AEE8-D33F046B1152}.Release|Any CPU.Build.0 = Release|Any CPU
		{19C0F26E-EC01-478C-BEE8-3DB687A0173A}.Debug|Any CPU.ActiveCfg = Debug|Any CPU
		{19C0F26E-EC01-478C-BEE8-3DB687A0173A}.Debug|Any CPU.Build.0 = Debug|Any CPU
		{19C0F26E-EC01-478C-BEE8-3DB687A0173A}.Release|Any CPU.ActiveCfg = Release|Any CPU
		{19C0F26E-EC01-478C-BEE8-3DB687A0173A}.Release|Any CPU.Build.0 = Release|Any CPU
		{91ADC278-E987-48FB-A1ED-868CD30A3A73}.Debug|Any CPU.ActiveCfg = Debug|Any CPU
		{91ADC278-E987-48FB-A1ED-868CD30A3A73}.Debug|Any CPU.Build.0 = Debug|Any CPU
		{91ADC278-E987-48FB-A1ED-868CD30A3A73}.Release|Any CPU.ActiveCfg = Release|Any CPU
		{91ADC278-E987-48FB-A1ED-868CD30A3A73}.Release|Any CPU.Build.0 = Release|Any CPU
		{8A2FB4AC-0B18-471E-A5D6-1DC0F1C6A83D}.Debug|Any CPU.ActiveCfg = Debug|Any CPU
		{8A2FB4AC-0B18-471E-A5D6-1DC0F1C6A83D}.Debug|Any CPU.Build.0 = Debug|Any CPU
		{8A2FB4AC-0B18-471E-A5D6-1DC0F1C6A83D}.Release|Any CPU.ActiveCfg = Release|Any CPU
		{8A2FB4AC-0B18-471E-A5D6-1DC0F1C6A83D}.Release|Any CPU.Build.0 = Release|Any CPU
		{FBABF2E7-77C4-469A-8474-66518FB4426E}.Debug|Any CPU.ActiveCfg = Debug|Any CPU
		{FBABF2E7-77C4-469A-8474-66518FB4426E}.Debug|Any CPU.Build.0 = Debug|Any CPU
		{FBABF2E7-77C4-469A-8474-66518FB4426E}.Release|Any CPU.ActiveCfg = Release|Any CPU
		{FBABF2E7-77C4-469A-8474-66518FB4426E}.Release|Any CPU.Build.0 = Release|Any CPU
		{009486DA-3155-4AD6-9BCE-5C311BBDEA65}.Debug|Any CPU.ActiveCfg = Debug|Any CPU
		{009486DA-3155-4AD6-9BCE-5C311BBDEA65}.Debug|Any CPU.Build.0 = Debug|Any CPU
		{009486DA-3155-4AD6-9BCE-5C311BBDEA65}.Release|Any CPU.ActiveCfg = Release|Any CPU
		{009486DA-3155-4AD6-9BCE-5C311BBDEA65}.Release|Any CPU.Build.0 = Release|Any CPU
		{B0DF2669-0D0B-446A-8AAE-54B6D7CA19B3}.Debug|Any CPU.ActiveCfg = Debug|Any CPU
		{B0DF2669-0D0B-446A-8AAE-54B6D7CA19B3}.Debug|Any CPU.Build.0 = Debug|Any CPU
		{B0DF2669-0D0B-446A-8AAE-54B6D7CA19B3}.Release|Any CPU.ActiveCfg = Release|Any CPU
		{B0DF2669-0D0B-446A-8AAE-54B6D7CA19B3}.Release|Any CPU.Build.0 = Release|Any CPU
		{8888B920-296A-48E9-8DD3-97ECDED1B5B7}.Debug|Any CPU.ActiveCfg = Debug|Any CPU
		{8888B920-296A-48E9-8DD3-97ECDED1B5B7}.Debug|Any CPU.Build.0 = Debug|Any CPU
		{8888B920-296A-48E9-8DD3-97ECDED1B5B7}.Release|Any CPU.ActiveCfg = Release|Any CPU
		{8888B920-296A-48E9-8DD3-97ECDED1B5B7}.Release|Any CPU.Build.0 = Release|Any CPU
		{396590FC-9A60-4B8C-B494-5A327E9C2BC5}.Debug|Any CPU.ActiveCfg = Debug|Any CPU
		{396590FC-9A60-4B8C-B494-5A327E9C2BC5}.Debug|Any CPU.Build.0 = Debug|Any CPU
		{396590FC-9A60-4B8C-B494-5A327E9C2BC5}.Release|Any CPU.ActiveCfg = Release|Any CPU
		{396590FC-9A60-4B8C-B494-5A327E9C2BC5}.Release|Any CPU.Build.0 = Release|Any CPU
		{337DD358-EF73-4B38-BD56-A51B4063EB7D}.Debug|Any CPU.ActiveCfg = Debug|Any CPU
		{337DD358-EF73-4B38-BD56-A51B4063EB7D}.Debug|Any CPU.Build.0 = Debug|Any CPU
		{337DD358-EF73-4B38-BD56-A51B4063EB7D}.Release|Any CPU.ActiveCfg = Release|Any CPU
		{337DD358-EF73-4B38-BD56-A51B4063EB7D}.Release|Any CPU.Build.0 = Release|Any CPU
		{B7D9E02E-AFCC-428E-9080-667475A50E17}.Debug|Any CPU.ActiveCfg = Debug|Any CPU
		{B7D9E02E-AFCC-428E-9080-667475A50E17}.Debug|Any CPU.Build.0 = Debug|Any CPU
		{B7D9E02E-AFCC-428E-9080-667475A50E17}.Release|Any CPU.ActiveCfg = Release|Any CPU
		{B7D9E02E-AFCC-428E-9080-667475A50E17}.Release|Any CPU.Build.0 = Release|Any CPU
		{6ABCFBC8-F6BA-4B76-8E19-E3C58816B4E8}.Debug|Any CPU.ActiveCfg = Debug|Any CPU
		{6ABCFBC8-F6BA-4B76-8E19-E3C58816B4E8}.Debug|Any CPU.Build.0 = Debug|Any CPU
		{6ABCFBC8-F6BA-4B76-8E19-E3C58816B4E8}.Release|Any CPU.ActiveCfg = Release|Any CPU
		{6ABCFBC8-F6BA-4B76-8E19-E3C58816B4E8}.Release|Any CPU.Build.0 = Release|Any CPU
	EndGlobalSection
	GlobalSection(SolutionProperties) = preSolution
		HideSolutionNode = FALSE
	EndGlobalSection
	GlobalSection(NestedProjects) = preSolution
		{A35BAD5B-4205-4CD7-BCD5-2B8FEF2B5E69} = {A0146B92-A6A3-431A-A6B2-F13B60F8F701}
		{79D03DD7-D006-486A-BA21-0C906B2009A7} = {A35BAD5B-4205-4CD7-BCD5-2B8FEF2B5E69}
		{F430163E-568E-4648-87D0-CC571F7AB858} = {A35BAD5B-4205-4CD7-BCD5-2B8FEF2B5E69}
		{5EB39AD2-946B-4F1C-9529-CEF58AA44C27} = {A35BAD5B-4205-4CD7-BCD5-2B8FEF2B5E69}
		{46A90039-4DBD-48BC-BB8F-48D5BABF1D60} = {A35BAD5B-4205-4CD7-BCD5-2B8FEF2B5E69}
		{9BD93BE3-5B94-4816-BA6A-F082B1AAA38E} = {A0146B92-A6A3-431A-A6B2-F13B60F8F701}
		{BAD1CC2F-FCAD-415C-94C1-837BD728D3A9} = {9BD93BE3-5B94-4816-BA6A-F082B1AAA38E}
		{9D6ED61B-27F9-4A27-AEE8-D33F046B1152} = {9BD93BE3-5B94-4816-BA6A-F082B1AAA38E}
		{19C0F26E-EC01-478C-BEE8-3DB687A0173A} = {9BD93BE3-5B94-4816-BA6A-F082B1AAA38E}
		{91ADC278-E987-48FB-A1ED-868CD30A3A73} = {9BD93BE3-5B94-4816-BA6A-F082B1AAA38E}
		{739ED458-939F-408B-A146-02DF2EFD60C1} = {A0146B92-A6A3-431A-A6B2-F13B60F8F701}
		{8A2FB4AC-0B18-471E-A5D6-1DC0F1C6A83D} = {739ED458-939F-408B-A146-02DF2EFD60C1}
		{FBABF2E7-77C4-469A-8474-66518FB4426E} = {739ED458-939F-408B-A146-02DF2EFD60C1}
		{009486DA-3155-4AD6-9BCE-5C311BBDEA65} = {739ED458-939F-408B-A146-02DF2EFD60C1}
		{B0DF2669-0D0B-446A-8AAE-54B6D7CA19B3} = {739ED458-939F-408B-A146-02DF2EFD60C1}
		{1151F063-0709-460B-ADA0-FA3475CA8A50} = {A0146B92-A6A3-431A-A6B2-F13B60F8F701}
		{8888B920-296A-48E9-8DD3-97ECDED1B5B7} = {1151F063-0709-460B-ADA0-FA3475CA8A50}
		{396590FC-9A60-4B8C-B494-5A327E9C2BC5} = {1151F063-0709-460B-ADA0-FA3475CA8A50}
		{337DD358-EF73-4B38-BD56-A51B4063EB7D} = {1151F063-0709-460B-ADA0-FA3475CA8A50}
		{B7D9E02E-AFCC-428E-9080-667475A50E17} = {1151F063-0709-460B-ADA0-FA3475CA8A50}
		{6ABCFBC8-F6BA-4B76-8E19-E3C58816B4E8} = {6457EB23-A75C-4018-8CFB-FFB160FE6003}
	EndGlobalSection
	GlobalSection(ExtensibilityGlobals) = postSolution
		SolutionGuid = {902F3EBD-39A8-4B87-AD88-0C1B77DE076E}
	EndGlobalSection
EndGlobal
